// !$*UTF8*$!
{
	archiveVersion = 1;
	classes = {
	};
	objectVersion = 50;
	objects = {

/* Begin PBXBuildFile section */
		3295AAC725DFD70D009489DE /* AppDelegate.swift in Sources */ = {isa = PBXBuildFile; fileRef = 3295AAC625DFD70D009489DE /* AppDelegate.swift */; };
		3295AAC925DFD70D009489DE /* SceneDelegate.swift in Sources */ = {isa = PBXBuildFile; fileRef = 3295AAC825DFD70D009489DE /* SceneDelegate.swift */; };
		3295AACB25DFD70D009489DE /* ViewController.swift in Sources */ = {isa = PBXBuildFile; fileRef = 3295AACA25DFD70D009489DE /* ViewController.swift */; };
		3295AACE25DFD70D009489DE /* Main.storyboard in Resources */ = {isa = PBXBuildFile; fileRef = 3295AACC25DFD70D009489DE /* Main.storyboard */; };
		3295AAD025DFD70F009489DE /* Assets.xcassets in Resources */ = {isa = PBXBuildFile; fileRef = 3295AACF25DFD70F009489DE /* Assets.xcassets */; };
		3295AADE25DFD710009489DE /* SampleAppTests.swift in Sources */ = {isa = PBXBuildFile; fileRef = 3295AADD25DFD710009489DE /* SampleAppTests.swift */; };
		3295AAE925DFD710009489DE /* SampleAppUITests.swift in Sources */ = {isa = PBXBuildFile; fileRef = 3295AAE825DFD710009489DE /* SampleAppUITests.swift */; };
		3295AAFA25DFD772009489DE /* SomeLogic.swift in Sources */ = {isa = PBXBuildFile; fileRef = 3295AAF925DFD772009489DE /* SomeLogic.swift */; };
		3295AAFB25DFD772009489DE /* SomeLogic.swift in Sources */ = {isa = PBXBuildFile; fileRef = 3295AAF925DFD772009489DE /* SomeLogic.swift */; };
		5361CD380A4F56F409D85402 /* Pods_SampleApp_SampleAppUITests.framework in Frameworks */ = {isa = PBXBuildFile; fileRef = 9449B42E10E7C6D8FA9F4B9B /* Pods_SampleApp_SampleAppUITests.framework */; };
		6C93C107557A67B7219064AC /* Pods_SampleApp.framework in Frameworks */ = {isa = PBXBuildFile; fileRef = 3CB6A4715DC7216832FB0CAE /* Pods_SampleApp.framework */; };
		DCC18E1C4F3EF8C91190A4F2 /* Pods_SampleAppTests.framework in Frameworks */ = {isa = PBXBuildFile; fileRef = 7265F991BFAAEF193D426793 /* Pods_SampleAppTests.framework */; };
/* End PBXBuildFile section */

/* Begin PBXContainerItemProxy section */
		3295AADA25DFD710009489DE /* PBXContainerItemProxy */ = {
			isa = PBXContainerItemProxy;
			containerPortal = 3295AABB25DFD70D009489DE /* Project object */;
			proxyType = 1;
			remoteGlobalIDString = 3295AAC225DFD70D009489DE;
			remoteInfo = SampleApp;
		};
		3295AAE525DFD710009489DE /* PBXContainerItemProxy */ = {
			isa = PBXContainerItemProxy;
			containerPortal = 3295AABB25DFD70D009489DE /* Project object */;
			proxyType = 1;
			remoteGlobalIDString = 3295AAC225DFD70D009489DE;
			remoteInfo = SampleApp;
		};
/* End PBXContainerItemProxy section */

/* Begin PBXFileReference section */
		2167635250E62444EA63123B /* Pods-SampleAppTests.release.xcconfig */ = {isa = PBXFileReference; includeInIndex = 1; lastKnownFileType = text.xcconfig; name = "Pods-SampleAppTests.release.xcconfig"; path = "Target Support Files/Pods-SampleAppTests/Pods-SampleAppTests.release.xcconfig"; sourceTree = "<group>"; };
		3295AAC325DFD70D009489DE /* SampleApp.app */ = {isa = PBXFileReference; explicitFileType = wrapper.application; includeInIndex = 0; path = SampleApp.app; sourceTree = BUILT_PRODUCTS_DIR; };
		3295AAC625DFD70D009489DE /* AppDelegate.swift */ = {isa = PBXFileReference; lastKnownFileType = sourcecode.swift; path = AppDelegate.swift; sourceTree = "<group>"; };
		3295AAC825DFD70D009489DE /* SceneDelegate.swift */ = {isa = PBXFileReference; lastKnownFileType = sourcecode.swift; path = SceneDelegate.swift; sourceTree = "<group>"; };
		3295AACA25DFD70D009489DE /* ViewController.swift */ = {isa = PBXFileReference; lastKnownFileType = sourcecode.swift; path = ViewController.swift; sourceTree = "<group>"; };
		3295AACD25DFD70D009489DE /* Base */ = {isa = PBXFileReference; lastKnownFileType = file.storyboard; name = Base; path = Base.lproj/Main.storyboard; sourceTree = "<group>"; };
		3295AACF25DFD70F009489DE /* Assets.xcassets */ = {isa = PBXFileReference; lastKnownFileType = folder.assetcatalog; path = Assets.xcassets; sourceTree = "<group>"; };
		3295AAD425DFD70F009489DE /* Info.plist */ = {isa = PBXFileReference; lastKnownFileType = text.plist.xml; path = Info.plist; sourceTree = "<group>"; };
		3295AAD925DFD710009489DE /* SampleAppTests.xctest */ = {isa = PBXFileReference; explicitFileType = wrapper.cfbundle; includeInIndex = 0; path = SampleAppTests.xctest; sourceTree = BUILT_PRODUCTS_DIR; };
		3295AADD25DFD710009489DE /* SampleAppTests.swift */ = {isa = PBXFileReference; lastKnownFileType = sourcecode.swift; path = SampleAppTests.swift; sourceTree = "<group>"; };
		3295AADF25DFD710009489DE /* Info.plist */ = {isa = PBXFileReference; lastKnownFileType = text.plist.xml; path = Info.plist; sourceTree = "<group>"; };
		3295AAE425DFD710009489DE /* SampleAppUITests.xctest */ = {isa = PBXFileReference; explicitFileType = wrapper.cfbundle; includeInIndex = 0; path = SampleAppUITests.xctest; sourceTree = BUILT_PRODUCTS_DIR; };
		3295AAE825DFD710009489DE /* SampleAppUITests.swift */ = {isa = PBXFileReference; lastKnownFileType = sourcecode.swift; path = SampleAppUITests.swift; sourceTree = "<group>"; };
		3295AAEA25DFD710009489DE /* Info.plist */ = {isa = PBXFileReference; lastKnownFileType = text.plist.xml; path = Info.plist; sourceTree = "<group>"; };
		3295AAF925DFD772009489DE /* SomeLogic.swift */ = {isa = PBXFileReference; lastKnownFileType = sourcecode.swift; path = SomeLogic.swift; sourceTree = "<group>"; };
		3C65F531F66F7A925319DD1A /* Pods-SampleApp-SampleAppUITests.debug.xcconfig */ = {isa = PBXFileReference; includeInIndex = 1; lastKnownFileType = text.xcconfig; name = "Pods-SampleApp-SampleAppUITests.debug.xcconfig"; path = "Target Support Files/Pods-SampleApp-SampleAppUITests/Pods-SampleApp-SampleAppUITests.debug.xcconfig"; sourceTree = "<group>"; };
		3CB6A4715DC7216832FB0CAE /* Pods_SampleApp.framework */ = {isa = PBXFileReference; explicitFileType = wrapper.framework; includeInIndex = 0; path = Pods_SampleApp.framework; sourceTree = BUILT_PRODUCTS_DIR; };
		5B98BA8D5F2A4CC0AD1AC56E /* Pods-SampleAppTests.debug.xcconfig */ = {isa = PBXFileReference; includeInIndex = 1; lastKnownFileType = text.xcconfig; name = "Pods-SampleAppTests.debug.xcconfig"; path = "Target Support Files/Pods-SampleAppTests/Pods-SampleAppTests.debug.xcconfig"; sourceTree = "<group>"; };
		6253524808FE53A9AD71562D /* Pods-SampleApp.release.xcconfig */ = {isa = PBXFileReference; includeInIndex = 1; lastKnownFileType = text.xcconfig; name = "Pods-SampleApp.release.xcconfig"; path = "Target Support Files/Pods-SampleApp/Pods-SampleApp.release.xcconfig"; sourceTree = "<group>"; };
		7265F991BFAAEF193D426793 /* Pods_SampleAppTests.framework */ = {isa = PBXFileReference; explicitFileType = wrapper.framework; includeInIndex = 0; path = Pods_SampleAppTests.framework; sourceTree = BUILT_PRODUCTS_DIR; };
		9449B42E10E7C6D8FA9F4B9B /* Pods_SampleApp_SampleAppUITests.framework */ = {isa = PBXFileReference; explicitFileType = wrapper.framework; includeInIndex = 0; path = Pods_SampleApp_SampleAppUITests.framework; sourceTree = BUILT_PRODUCTS_DIR; };
		D8DD5B6AFA786CDB19DD5793 /* Pods-SampleApp.debug.xcconfig */ = {isa = PBXFileReference; includeInIndex = 1; lastKnownFileType = text.xcconfig; name = "Pods-SampleApp.debug.xcconfig"; path = "Target Support Files/Pods-SampleApp/Pods-SampleApp.debug.xcconfig"; sourceTree = "<group>"; };
		F540DA994719EAE5C1BEF8B9 /* Pods-SampleApp-SampleAppUITests.release.xcconfig */ = {isa = PBXFileReference; includeInIndex = 1; lastKnownFileType = text.xcconfig; name = "Pods-SampleApp-SampleAppUITests.release.xcconfig"; path = "Target Support Files/Pods-SampleApp-SampleAppUITests/Pods-SampleApp-SampleAppUITests.release.xcconfig"; sourceTree = "<group>"; };
/* End PBXFileReference section */

/* Begin PBXFrameworksBuildPhase section */
		3295AAC025DFD70D009489DE /* Frameworks */ = {
			isa = PBXFrameworksBuildPhase;
			buildActionMask = 2147483647;
			files = (
				6C93C107557A67B7219064AC /* Pods_SampleApp.framework in Frameworks */,
			);
			runOnlyForDeploymentPostprocessing = 0;
		};
		3295AAD625DFD710009489DE /* Frameworks */ = {
			isa = PBXFrameworksBuildPhase;
			buildActionMask = 2147483647;
			files = (
				DCC18E1C4F3EF8C91190A4F2 /* Pods_SampleAppTests.framework in Frameworks */,
			);
			runOnlyForDeploymentPostprocessing = 0;
		};
		3295AAE125DFD710009489DE /* Frameworks */ = {
			isa = PBXFrameworksBuildPhase;
			buildActionMask = 2147483647;
			files = (
				5361CD380A4F56F409D85402 /* Pods_SampleApp_SampleAppUITests.framework in Frameworks */,
			);
			runOnlyForDeploymentPostprocessing = 0;
		};
/* End PBXFrameworksBuildPhase section */

/* Begin PBXGroup section */
		20CBA87E5E848594A5C71C1A /* Frameworks */ = {
			isa = PBXGroup;
			children = (
				3CB6A4715DC7216832FB0CAE /* Pods_SampleApp.framework */,
				9449B42E10E7C6D8FA9F4B9B /* Pods_SampleApp_SampleAppUITests.framework */,
				7265F991BFAAEF193D426793 /* Pods_SampleAppTests.framework */,
			);
			name = Frameworks;
			sourceTree = "<group>";
		};
		3295AABA25DFD70D009489DE = {
			isa = PBXGroup;
			children = (
				3295AAC525DFD70D009489DE /* SampleApp */,
				3295AADC25DFD710009489DE /* SampleAppTests */,
				3295AAE725DFD710009489DE /* SampleAppUITests */,
				3295AAC425DFD70D009489DE /* Products */,
				83B36B7501A7FF85D368A4A6 /* Pods */,
				20CBA87E5E848594A5C71C1A /* Frameworks */,
			);
			sourceTree = "<group>";
		};
		3295AAC425DFD70D009489DE /* Products */ = {
			isa = PBXGroup;
			children = (
				3295AAC325DFD70D009489DE /* SampleApp.app */,
				3295AAD925DFD710009489DE /* SampleAppTests.xctest */,
				3295AAE425DFD710009489DE /* SampleAppUITests.xctest */,
			);
			name = Products;
			sourceTree = "<group>";
		};
		3295AAC525DFD70D009489DE /* SampleApp */ = {
			isa = PBXGroup;
			children = (
				3295AAC825DFD70D009489DE /* SceneDelegate.swift */,
				3295AAC625DFD70D009489DE /* AppDelegate.swift */,
				3295AAFF25DFD7D6009489DE /* Logic */,
				3295AACA25DFD70D009489DE /* ViewController.swift */,
				3295AACC25DFD70D009489DE /* Main.storyboard */,
				3295AACF25DFD70F009489DE /* Assets.xcassets */,
				3295AAD425DFD70F009489DE /* Info.plist */,
			);
			path = SampleApp;
			sourceTree = "<group>";
		};
		3295AADC25DFD710009489DE /* SampleAppTests */ = {
			isa = PBXGroup;
			children = (
				3295AADD25DFD710009489DE /* SampleAppTests.swift */,
				3295AADF25DFD710009489DE /* Info.plist */,
			);
			path = SampleAppTests;
			sourceTree = "<group>";
		};
		3295AAE725DFD710009489DE /* SampleAppUITests */ = {
			isa = PBXGroup;
			children = (
				3295AAE825DFD710009489DE /* SampleAppUITests.swift */,
				3295AAEA25DFD710009489DE /* Info.plist */,
			);
			path = SampleAppUITests;
			sourceTree = "<group>";
		};
		3295AAFF25DFD7D6009489DE /* Logic */ = {
			isa = PBXGroup;
			children = (
				3295AAF925DFD772009489DE /* SomeLogic.swift */,
			);
			path = Logic;
			sourceTree = "<group>";
		};
		83B36B7501A7FF85D368A4A6 /* Pods */ = {
			isa = PBXGroup;
			children = (
				D8DD5B6AFA786CDB19DD5793 /* Pods-SampleApp.debug.xcconfig */,
				6253524808FE53A9AD71562D /* Pods-SampleApp.release.xcconfig */,
				3C65F531F66F7A925319DD1A /* Pods-SampleApp-SampleAppUITests.debug.xcconfig */,
				F540DA994719EAE5C1BEF8B9 /* Pods-SampleApp-SampleAppUITests.release.xcconfig */,
				5B98BA8D5F2A4CC0AD1AC56E /* Pods-SampleAppTests.debug.xcconfig */,
				2167635250E62444EA63123B /* Pods-SampleAppTests.release.xcconfig */,
			);
			path = Pods;
			sourceTree = "<group>";
		};
/* End PBXGroup section */

/* Begin PBXNativeTarget section */
		3295AAC225DFD70D009489DE /* SampleApp */ = {
			isa = PBXNativeTarget;
			buildConfigurationList = 3295AAED25DFD710009489DE /* Build configuration list for PBXNativeTarget "SampleApp" */;
			buildPhases = (
				56DD761646C5E84AF433B6C7 /* [CP] Check Pods Manifest.lock */,
				3295AABF25DFD70D009489DE /* Sources */,
				3295AAC025DFD70D009489DE /* Frameworks */,
				3295AAC125DFD70D009489DE /* Resources */,
				3295AB4725DFFDA5009489DE /* Swiftlint */,
			);
			buildRules = (
			);
			dependencies = (
			);
			name = SampleApp;
			productName = SampleApp;
			productReference = 3295AAC325DFD70D009489DE /* SampleApp.app */;
			productType = "com.apple.product-type.application";
		};
		3295AAD825DFD710009489DE /* SampleAppTests */ = {
			isa = PBXNativeTarget;
			buildConfigurationList = 3295AAF025DFD710009489DE /* Build configuration list for PBXNativeTarget "SampleAppTests" */;
			buildPhases = (
				EE25D3F88E00C0DE2A4C04FE /* [CP] Check Pods Manifest.lock */,
				3295AAD525DFD710009489DE /* Sources */,
				3295AAD625DFD710009489DE /* Frameworks */,
				3295AAD725DFD710009489DE /* Resources */,
			);
			buildRules = (
			);
			dependencies = (
				3295AADB25DFD710009489DE /* PBXTargetDependency */,
			);
			name = SampleAppTests;
			productName = SampleAppTests;
			productReference = 3295AAD925DFD710009489DE /* SampleAppTests.xctest */;
			productType = "com.apple.product-type.bundle.unit-test";
		};
		3295AAE325DFD710009489DE /* SampleAppUITests */ = {
			isa = PBXNativeTarget;
			buildConfigurationList = 3295AAF325DFD710009489DE /* Build configuration list for PBXNativeTarget "SampleAppUITests" */;
			buildPhases = (
				A7263E0203B141E15FCCF4A0 /* [CP] Check Pods Manifest.lock */,
				3295AAE025DFD710009489DE /* Sources */,
				3295AAE125DFD710009489DE /* Frameworks */,
				3295AAE225DFD710009489DE /* Resources */,
			);
			buildRules = (
			);
			dependencies = (
				3295AAE625DFD710009489DE /* PBXTargetDependency */,
			);
			name = SampleAppUITests;
			productName = SampleAppUITests;
			productReference = 3295AAE425DFD710009489DE /* SampleAppUITests.xctest */;
			productType = "com.apple.product-type.bundle.ui-testing";
		};
/* End PBXNativeTarget section */

/* Begin PBXProject section */
		3295AABB25DFD70D009489DE /* Project object */ = {
			isa = PBXProject;
			attributes = {
				LastSwiftUpdateCheck = 1230;
				LastUpgradeCheck = 1230;
				TargetAttributes = {
					3295AAC225DFD70D009489DE = {
						CreatedOnToolsVersion = 12.3;
					};
					3295AAD825DFD710009489DE = {
						CreatedOnToolsVersion = 12.3;
						TestTargetID = 3295AAC225DFD70D009489DE;
					};
					3295AAE325DFD710009489DE = {
						CreatedOnToolsVersion = 12.3;
						TestTargetID = 3295AAC225DFD70D009489DE;
					};
				};
			};
			buildConfigurationList = 3295AABE25DFD70D009489DE /* Build configuration list for PBXProject "SampleApp" */;
			compatibilityVersion = "Xcode 9.3";
			developmentRegion = en;
			hasScannedForEncodings = 0;
			knownRegions = (
				en,
				Base,
			);
			mainGroup = 3295AABA25DFD70D009489DE;
			productRefGroup = 3295AAC425DFD70D009489DE /* Products */;
			projectDirPath = "";
			projectRoot = "";
			targets = (
				3295AAC225DFD70D009489DE /* SampleApp */,
				3295AAD825DFD710009489DE /* SampleAppTests */,
				3295AAE325DFD710009489DE /* SampleAppUITests */,
			);
		};
/* End PBXProject section */

/* Begin PBXResourcesBuildPhase section */
		3295AAC125DFD70D009489DE /* Resources */ = {
			isa = PBXResourcesBuildPhase;
			buildActionMask = 2147483647;
			files = (
				3295AAD025DFD70F009489DE /* Assets.xcassets in Resources */,
				3295AACE25DFD70D009489DE /* Main.storyboard in Resources */,
			);
			runOnlyForDeploymentPostprocessing = 0;
		};
		3295AAD725DFD710009489DE /* Resources */ = {
			isa = PBXResourcesBuildPhase;
			buildActionMask = 2147483647;
			files = (
			);
			runOnlyForDeploymentPostprocessing = 0;
		};
		3295AAE225DFD710009489DE /* Resources */ = {
			isa = PBXResourcesBuildPhase;
			buildActionMask = 2147483647;
			files = (
			);
			runOnlyForDeploymentPostprocessing = 0;
		};
/* End PBXResourcesBuildPhase section */

/* Begin PBXShellScriptBuildPhase section */
		3295AB4725DFFDA5009489DE /* Swiftlint */ = {
			isa = PBXShellScriptBuildPhase;
			buildActionMask = 2147483647;
			files = (
			);
			inputFileListPaths = (
			);
			inputPaths = (
			);
			name = Swiftlint;
			outputFileListPaths = (
			);
			outputPaths = (
			);
			runOnlyForDeploymentPostprocessing = 0;
			shellPath = /bin/sh;
			shellScript = "# Type a script or drag a script file from your workspace to insert its path.\n\"${PODS_ROOT}/SwiftLint/swiftlint\"\n";
		};
		56DD761646C5E84AF433B6C7 /* [CP] Check Pods Manifest.lock */ = {
			isa = PBXShellScriptBuildPhase;
			buildActionMask = 2147483647;
			files = (
			);
			inputFileListPaths = (
			);
			inputPaths = (
				"${PODS_PODFILE_DIR_PATH}/Podfile.lock",
				"${PODS_ROOT}/Manifest.lock",
			);
			name = "[CP] Check Pods Manifest.lock";
			outputFileListPaths = (
			);
			outputPaths = (
				"$(DERIVED_FILE_DIR)/Pods-SampleApp-checkManifestLockResult.txt",
			);
			runOnlyForDeploymentPostprocessing = 0;
			shellPath = /bin/sh;
			shellScript = "diff \"${PODS_PODFILE_DIR_PATH}/Podfile.lock\" \"${PODS_ROOT}/Manifest.lock\" > /dev/null\nif [ $? != 0 ] ; then\n    # print error to STDERR\n    echo \"error: The sandbox is not in sync with the Podfile.lock. Run 'pod install' or update your CocoaPods installation.\" >&2\n    exit 1\nfi\n# This output is used by Xcode 'outputs' to avoid re-running this script phase.\necho \"SUCCESS\" > \"${SCRIPT_OUTPUT_FILE_0}\"\n";
			showEnvVarsInLog = 0;
		};
		A7263E0203B141E15FCCF4A0 /* [CP] Check Pods Manifest.lock */ = {
			isa = PBXShellScriptBuildPhase;
			buildActionMask = 2147483647;
			files = (
			);
			inputFileListPaths = (
			);
			inputPaths = (
				"${PODS_PODFILE_DIR_PATH}/Podfile.lock",
				"${PODS_ROOT}/Manifest.lock",
			);
			name = "[CP] Check Pods Manifest.lock";
			outputFileListPaths = (
			);
			outputPaths = (
				"$(DERIVED_FILE_DIR)/Pods-SampleApp-SampleAppUITests-checkManifestLockResult.txt",
			);
			runOnlyForDeploymentPostprocessing = 0;
			shellPath = /bin/sh;
			shellScript = "diff \"${PODS_PODFILE_DIR_PATH}/Podfile.lock\" \"${PODS_ROOT}/Manifest.lock\" > /dev/null\nif [ $? != 0 ] ; then\n    # print error to STDERR\n    echo \"error: The sandbox is not in sync with the Podfile.lock. Run 'pod install' or update your CocoaPods installation.\" >&2\n    exit 1\nfi\n# This output is used by Xcode 'outputs' to avoid re-running this script phase.\necho \"SUCCESS\" > \"${SCRIPT_OUTPUT_FILE_0}\"\n";
			showEnvVarsInLog = 0;
		};
		EE25D3F88E00C0DE2A4C04FE /* [CP] Check Pods Manifest.lock */ = {
			isa = PBXShellScriptBuildPhase;
			buildActionMask = 2147483647;
			files = (
			);
			inputFileListPaths = (
			);
			inputPaths = (
				"${PODS_PODFILE_DIR_PATH}/Podfile.lock",
				"${PODS_ROOT}/Manifest.lock",
			);
			name = "[CP] Check Pods Manifest.lock";
			outputFileListPaths = (
			);
			outputPaths = (
				"$(DERIVED_FILE_DIR)/Pods-SampleAppTests-checkManifestLockResult.txt",
			);
			runOnlyForDeploymentPostprocessing = 0;
			shellPath = /bin/sh;
			shellScript = "diff \"${PODS_PODFILE_DIR_PATH}/Podfile.lock\" \"${PODS_ROOT}/Manifest.lock\" > /dev/null\nif [ $? != 0 ] ; then\n    # print error to STDERR\n    echo \"error: The sandbox is not in sync with the Podfile.lock. Run 'pod install' or update your CocoaPods installation.\" >&2\n    exit 1\nfi\n# This output is used by Xcode 'outputs' to avoid re-running this script phase.\necho \"SUCCESS\" > \"${SCRIPT_OUTPUT_FILE_0}\"\n";
			showEnvVarsInLog = 0;
		};
/* End PBXShellScriptBuildPhase section */

/* Begin PBXSourcesBuildPhase section */
		3295AABF25DFD70D009489DE /* Sources */ = {
			isa = PBXSourcesBuildPhase;
			buildActionMask = 2147483647;
			files = (
				3295AAFA25DFD772009489DE /* SomeLogic.swift in Sources */,
				3295AACB25DFD70D009489DE /* ViewController.swift in Sources */,
				3295AAC725DFD70D009489DE /* AppDelegate.swift in Sources */,
				3295AAC925DFD70D009489DE /* SceneDelegate.swift in Sources */,
			);
			runOnlyForDeploymentPostprocessing = 0;
		};
		3295AAD525DFD710009489DE /* Sources */ = {
			isa = PBXSourcesBuildPhase;
			buildActionMask = 2147483647;
			files = (
				3295AAFB25DFD772009489DE /* SomeLogic.swift in Sources */,
				3295AADE25DFD710009489DE /* SampleAppTests.swift in Sources */,
			);
			runOnlyForDeploymentPostprocessing = 0;
		};
		3295AAE025DFD710009489DE /* Sources */ = {
			isa = PBXSourcesBuildPhase;
			buildActionMask = 2147483647;
			files = (
				3295AAE925DFD710009489DE /* SampleAppUITests.swift in Sources */,
			);
			runOnlyForDeploymentPostprocessing = 0;
		};
/* End PBXSourcesBuildPhase section */

/* Begin PBXTargetDependency section */
		3295AADB25DFD710009489DE /* PBXTargetDependency */ = {
			isa = PBXTargetDependency;
			target = 3295AAC225DFD70D009489DE /* SampleApp */;
			targetProxy = 3295AADA25DFD710009489DE /* PBXContainerItemProxy */;
		};
		3295AAE625DFD710009489DE /* PBXTargetDependency */ = {
			isa = PBXTargetDependency;
			target = 3295AAC225DFD70D009489DE /* SampleApp */;
			targetProxy = 3295AAE525DFD710009489DE /* PBXContainerItemProxy */;
		};
/* End PBXTargetDependency section */

/* Begin PBXVariantGroup section */
		3295AACC25DFD70D009489DE /* Main.storyboard */ = {
			isa = PBXVariantGroup;
			children = (
				3295AACD25DFD70D009489DE /* Base */,
			);
			name = Main.storyboard;
			sourceTree = "<group>";
		};
/* End PBXVariantGroup section */

/* Begin XCBuildConfiguration section */
		3295AAEB25DFD710009489DE /* Debug */ = {
			isa = XCBuildConfiguration;
			buildSettings = {
				ALWAYS_SEARCH_USER_PATHS = NO;
				CLANG_ANALYZER_NONNULL = YES;
				CLANG_ANALYZER_NUMBER_OBJECT_CONVERSION = YES_AGGRESSIVE;
				CLANG_CXX_LANGUAGE_STANDARD = "gnu++14";
				CLANG_CXX_LIBRARY = "libc++";
				CLANG_ENABLE_MODULES = YES;
				CLANG_ENABLE_OBJC_ARC = YES;
				CLANG_ENABLE_OBJC_WEAK = YES;
				CLANG_WARN_BLOCK_CAPTURE_AUTORELEASING = YES;
				CLANG_WARN_BOOL_CONVERSION = YES;
				CLANG_WARN_COMMA = YES;
				CLANG_WARN_CONSTANT_CONVERSION = YES;
				CLANG_WARN_DEPRECATED_OBJC_IMPLEMENTATIONS = YES;
				CLANG_WARN_DIRECT_OBJC_ISA_USAGE = YES_ERROR;
				CLANG_WARN_DOCUMENTATION_COMMENTS = YES;
				CLANG_WARN_EMPTY_BODY = YES;
				CLANG_WARN_ENUM_CONVERSION = YES;
				CLANG_WARN_INFINITE_RECURSION = YES;
				CLANG_WARN_INT_CONVERSION = YES;
				CLANG_WARN_NON_LITERAL_NULL_CONVERSION = YES;
				CLANG_WARN_OBJC_IMPLICIT_RETAIN_SELF = YES;
				CLANG_WARN_OBJC_LITERAL_CONVERSION = YES;
				CLANG_WARN_OBJC_ROOT_CLASS = YES_ERROR;
				CLANG_WARN_QUOTED_INCLUDE_IN_FRAMEWORK_HEADER = YES;
				CLANG_WARN_RANGE_LOOP_ANALYSIS = YES;
				CLANG_WARN_STRICT_PROTOTYPES = YES;
				CLANG_WARN_SUSPICIOUS_MOVE = YES;
				CLANG_WARN_UNGUARDED_AVAILABILITY = YES_AGGRESSIVE;
				CLANG_WARN_UNREACHABLE_CODE = YES;
				CLANG_WARN__DUPLICATE_METHOD_MATCH = YES;
				COPY_PHASE_STRIP = NO;
				DEBUG_INFORMATION_FORMAT = dwarf;
				ENABLE_STRICT_OBJC_MSGSEND = YES;
				ENABLE_TESTABILITY = YES;
				GCC_C_LANGUAGE_STANDARD = gnu11;
				GCC_DYNAMIC_NO_PIC = NO;
				GCC_NO_COMMON_BLOCKS = YES;
				GCC_OPTIMIZATION_LEVEL = 0;
				GCC_PREPROCESSOR_DEFINITIONS = (
					"DEBUG=1",
					"$(inherited)",
				);
				GCC_WARN_64_TO_32_BIT_CONVERSION = YES;
				GCC_WARN_ABOUT_RETURN_TYPE = YES_ERROR;
				GCC_WARN_UNDECLARED_SELECTOR = YES;
				GCC_WARN_UNINITIALIZED_AUTOS = YES_AGGRESSIVE;
				GCC_WARN_UNUSED_FUNCTION = YES;
				GCC_WARN_UNUSED_VARIABLE = YES;
				IPHONEOS_DEPLOYMENT_TARGET = 14.3;
				MTL_ENABLE_DEBUG_INFO = INCLUDE_SOURCE;
				MTL_FAST_MATH = YES;
				ONLY_ACTIVE_ARCH = YES;
				SDKROOT = iphoneos;
				SWIFT_ACTIVE_COMPILATION_CONDITIONS = DEBUG;
				SWIFT_OPTIMIZATION_LEVEL = "-Onone";
			};
			name = Debug;
		};
		3295AAEC25DFD710009489DE /* Release */ = {
			isa = XCBuildConfiguration;
			buildSettings = {
				ALWAYS_SEARCH_USER_PATHS = NO;
				CLANG_ANALYZER_NONNULL = YES;
				CLANG_ANALYZER_NUMBER_OBJECT_CONVERSION = YES_AGGRESSIVE;
				CLANG_CXX_LANGUAGE_STANDARD = "gnu++14";
				CLANG_CXX_LIBRARY = "libc++";
				CLANG_ENABLE_MODULES = YES;
				CLANG_ENABLE_OBJC_ARC = YES;
				CLANG_ENABLE_OBJC_WEAK = YES;
				CLANG_WARN_BLOCK_CAPTURE_AUTORELEASING = YES;
				CLANG_WARN_BOOL_CONVERSION = YES;
				CLANG_WARN_COMMA = YES;
				CLANG_WARN_CONSTANT_CONVERSION = YES;
				CLANG_WARN_DEPRECATED_OBJC_IMPLEMENTATIONS = YES;
				CLANG_WARN_DIRECT_OBJC_ISA_USAGE = YES_ERROR;
				CLANG_WARN_DOCUMENTATION_COMMENTS = YES;
				CLANG_WARN_EMPTY_BODY = YES;
				CLANG_WARN_ENUM_CONVERSION = YES;
				CLANG_WARN_INFINITE_RECURSION = YES;
				CLANG_WARN_INT_CONVERSION = YES;
				CLANG_WARN_NON_LITERAL_NULL_CONVERSION = YES;
				CLANG_WARN_OBJC_IMPLICIT_RETAIN_SELF = YES;
				CLANG_WARN_OBJC_LITERAL_CONVERSION = YES;
				CLANG_WARN_OBJC_ROOT_CLASS = YES_ERROR;
				CLANG_WARN_QUOTED_INCLUDE_IN_FRAMEWORK_HEADER = YES;
				CLANG_WARN_RANGE_LOOP_ANALYSIS = YES;
				CLANG_WARN_STRICT_PROTOTYPES = YES;
				CLANG_WARN_SUSPICIOUS_MOVE = YES;
				CLANG_WARN_UNGUARDED_AVAILABILITY = YES_AGGRESSIVE;
				CLANG_WARN_UNREACHABLE_CODE = YES;
				CLANG_WARN__DUPLICATE_METHOD_MATCH = YES;
				COPY_PHASE_STRIP = NO;
				DEBUG_INFORMATION_FORMAT = "dwarf-with-dsym";
				ENABLE_NS_ASSERTIONS = NO;
				ENABLE_STRICT_OBJC_MSGSEND = YES;
				GCC_C_LANGUAGE_STANDARD = gnu11;
				GCC_NO_COMMON_BLOCKS = YES;
				GCC_WARN_64_TO_32_BIT_CONVERSION = YES;
				GCC_WARN_ABOUT_RETURN_TYPE = YES_ERROR;
				GCC_WARN_UNDECLARED_SELECTOR = YES;
				GCC_WARN_UNINITIALIZED_AUTOS = YES_AGGRESSIVE;
				GCC_WARN_UNUSED_FUNCTION = YES;
				GCC_WARN_UNUSED_VARIABLE = YES;
				IPHONEOS_DEPLOYMENT_TARGET = 14.3;
				MTL_ENABLE_DEBUG_INFO = NO;
				MTL_FAST_MATH = YES;
				SDKROOT = iphoneos;
				SWIFT_COMPILATION_MODE = wholemodule;
				SWIFT_OPTIMIZATION_LEVEL = "-O";
				VALIDATE_PRODUCT = YES;
			};
			name = Release;
		};
		3295AAEE25DFD710009489DE /* Debug */ = {
			isa = XCBuildConfiguration;
			baseConfigurationReference = D8DD5B6AFA786CDB19DD5793 /* Pods-SampleApp.debug.xcconfig */;
			buildSettings = {
				ASSETCATALOG_COMPILER_APPICON_NAME = AppIcon;
				ASSETCATALOG_COMPILER_GLOBAL_ACCENT_COLOR_NAME = AccentColor;
				CODE_SIGN_STYLE = Automatic;
				DEVELOPMENT_TEAM = U3F68P63DU;
				INFOPLIST_FILE = SampleApp/Info.plist;
				LD_RUNPATH_SEARCH_PATHS = (
					"$(inherited)",
					"@executable_path/Frameworks",
				);
				PRODUCT_BUNDLE_IDENTIFIER = com.df.SampleApp;
				PRODUCT_NAME = "$(TARGET_NAME)";
				SWIFT_VERSION = 5.0;
				TARGETED_DEVICE_FAMILY = 1;
			};
			name = Debug;
		};
		3295AAEF25DFD710009489DE /* Release */ = {
			isa = XCBuildConfiguration;
			baseConfigurationReference = 6253524808FE53A9AD71562D /* Pods-SampleApp.release.xcconfig */;
			buildSettings = {
				ASSETCATALOG_COMPILER_APPICON_NAME = AppIcon;
				ASSETCATALOG_COMPILER_GLOBAL_ACCENT_COLOR_NAME = AccentColor;
				CODE_SIGN_STYLE = Automatic;
				DEVELOPMENT_TEAM = U3F68P63DU;
				INFOPLIST_FILE = SampleApp/Info.plist;
				LD_RUNPATH_SEARCH_PATHS = (
					"$(inherited)",
					"@executable_path/Frameworks",
				);
				PRODUCT_BUNDLE_IDENTIFIER = com.df.SampleApp;
				PRODUCT_NAME = "$(TARGET_NAME)";
				SWIFT_VERSION = 5.0;
				TARGETED_DEVICE_FAMILY = 1;
			};
			name = Release;
		};
		3295AAF125DFD710009489DE /* Debug */ = {
			isa = XCBuildConfiguration;
			baseConfigurationReference = 5B98BA8D5F2A4CC0AD1AC56E /* Pods-SampleAppTests.debug.xcconfig */;
			buildSettings = {
				ALWAYS_EMBED_SWIFT_STANDARD_LIBRARIES = YES;
				BUNDLE_LOADER = "$(TEST_HOST)";
				CODE_SIGN_STYLE = Automatic;
				DEVELOPMENT_TEAM = U3F68P63DU;
				INFOPLIST_FILE = SampleAppTests/Info.plist;
				IPHONEOS_DEPLOYMENT_TARGET = 14.3;
				LD_RUNPATH_SEARCH_PATHS = (
					"$(inherited)",
					"@executable_path/Frameworks",
					"@loader_path/Frameworks",
				);
				PRODUCT_BUNDLE_IDENTIFIER = com.df.SampleAppTests;
				PRODUCT_NAME = "$(TARGET_NAME)";
				SWIFT_VERSION = 5.0;
				TARGETED_DEVICE_FAMILY = "1,2";
				TEST_HOST = "$(BUILT_PRODUCTS_DIR)/SampleApp.app/SampleApp";
			};
			name = Debug;
		};
		3295AAF225DFD710009489DE /* Release */ = {
			isa = XCBuildConfiguration;
			baseConfigurationReference = 2167635250E62444EA63123B /* Pods-SampleAppTests.release.xcconfig */;
			buildSettings = {
				ALWAYS_EMBED_SWIFT_STANDARD_LIBRARIES = YES;
				BUNDLE_LOADER = "$(TEST_HOST)";
				CODE_SIGN_STYLE = Automatic;
				DEVELOPMENT_TEAM = U3F68P63DU;
				INFOPLIST_FILE = SampleAppTests/Info.plist;
				IPHONEOS_DEPLOYMENT_TARGET = 14.3;
				LD_RUNPATH_SEARCH_PATHS = (
					"$(inherited)",
					"@executable_path/Frameworks",
					"@loader_path/Frameworks",
				);
				PRODUCT_BUNDLE_IDENTIFIER = com.df.SampleAppTests;
				PRODUCT_NAME = "$(TARGET_NAME)";
				SWIFT_VERSION = 5.0;
				TARGETED_DEVICE_FAMILY = "1,2";
				TEST_HOST = "$(BUILT_PRODUCTS_DIR)/SampleApp.app/SampleApp";
			};
			name = Release;
		};
		3295AAF425DFD710009489DE /* Debug */ = {
			isa = XCBuildConfiguration;
			baseConfigurationReference = 3C65F531F66F7A925319DD1A /* Pods-SampleApp-SampleAppUITests.debug.xcconfig */;
			buildSettings = {
				ALWAYS_EMBED_SWIFT_STANDARD_LIBRARIES = YES;
				CODE_SIGN_STYLE = Automatic;
				DEVELOPMENT_TEAM = U3F68P63DU;
				INFOPLIST_FILE = SampleAppUITests/Info.plist;
				LD_RUNPATH_SEARCH_PATHS = (
					"$(inherited)",
					"@executable_path/Frameworks",
					"@loader_path/Frameworks",
				);
				PRODUCT_BUNDLE_IDENTIFIER = com.df.SampleAppUITests;
				PRODUCT_NAME = "$(TARGET_NAME)";
				SWIFT_VERSION = 5.0;
				TARGETED_DEVICE_FAMILY = "1,2";
				TEST_TARGET_NAME = SampleApp;
			};
			name = Debug;
		};
		3295AAF525DFD710009489DE /* Release */ = {
			isa = XCBuildConfiguration;
			baseConfigurationReference = F540DA994719EAE5C1BEF8B9 /* Pods-SampleApp-SampleAppUITests.release.xcconfig */;
			buildSettings = {
				ALWAYS_EMBED_SWIFT_STANDARD_LIBRARIES = YES;
				CODE_SIGN_STYLE = Automatic;
				DEVELOPMENT_TEAM = U3F68P63DU;
				INFOPLIST_FILE = SampleAppUITests/Info.plist;
				LD_RUNPATH_SEARCH_PATHS = (
					"$(inherited)",
					"@executable_path/Frameworks",
					"@loader_path/Frameworks",
				);
				PRODUCT_BUNDLE_IDENTIFIER = com.df.SampleAppUITests;
				PRODUCT_NAME = "$(TARGET_NAME)";
				SWIFT_VERSION = 5.0;
				TARGETED_DEVICE_FAMILY = "1,2";
				TEST_TARGET_NAME = SampleApp;
			};
			name = Release;
		};
/* End XCBuildConfiguration section */

/* Begin XCConfigurationList section */
		3295AABE25DFD70D009489DE /* Build configuration list for PBXProject "SampleApp" */ = {
			isa = XCConfigurationList;
			buildConfigurations = (
				3295AAEB25DFD710009489DE /* Debug */,
				3295AAEC25DFD710009489DE /* Release */,
			);
			defaultConfigurationIsVisible = 0;
			defaultConfigurationName = Release;
		};
		3295AAED25DFD710009489DE /* Build configuration list for PBXNativeTarget "SampleApp" */ = {
			isa = XCConfigurationList;
			buildConfigurations = (
				3295AAEE25DFD710009489DE /* Debug */,
				3295AAEF25DFD710009489DE /* Release */,
			);
			defaultConfigurationIsVisible = 0;
			defaultConfigurationName = Release;
		};
		3295AAF025DFD710009489DE /* Build configuration list for PBXNativeTarget "SampleAppTests" */ = {
			isa = XCConfigurationList;
			buildConfigurations = (
				3295AAF125DFD710009489DE /* Debug */,
				3295AAF225DFD710009489DE /* Release */,
			);
			defaultConfigurationIsVisible = 0;
			defaultConfigurationName = Release;
		};
		3295AAF325DFD710009489DE /* Build configuration list for PBXNativeTarget "SampleAppUITests" */ = {
			isa = XCConfigurationList;
			buildConfigurations = (
				3295AAF425DFD710009489DE /* Debug */,
				3295AAF525DFD710009489DE /* Release */,
			);
			defaultConfigurationIsVisible = 0;
			defaultConfigurationName = Release;
		};
/* End XCConfigurationList section */
	};
	rootObject = 3295AABB25DFD70D009489DE /* Project object */;
}
